PODS:
  - Alamofire (4.8.1)
  - ReactorKit (1.2.1):
    - RxSwift (>= 4.0.0)
  - RxAtomic (4.4.1)
  - RxCocoa (4.4.1):
    - RxSwift (~> 4.0)
  - RxFlow (2.0.0):
    - RxCocoa (>= 4.4.0)
    - RxSwift (>= 4.4.0)
  - RxSwift (4.4.1):
    - RxAtomic (~> 4.4)
  - SnapKit (4.2.0)
  - Swinject (2.5.0)
  - SwinjectAutoregistration (2.5.1):
    - Swinject (~> 2.5)
  - Then (2.7.0)

DEPENDENCIES:
  - Alamofire (~> 4.8.1)
  - ReactorKit (~> 1.2.1)
  - RxCocoa (~> 4.4.1)
  - RxFlow (~> 2.0.0)
  - RxSwift (~> 4.4.1)
  - SnapKit (~> 4.2.0)
  - Swinject (~> 2.5.0)
  - SwinjectAutoregistration (~> 2.5.1)
  - Then (~> 2.7.0)

SPEC REPOS:
  https://github.com/CocoaPods/Specs.git:
    - Alamofire
    - ReactorKit
    - RxAtomic
    - RxCocoa
    - RxFlow
    - RxSwift
    - SnapKit
    - Swinject
    - SwinjectAutoregistration
  trunk:
    - Then

SPEC CHECKSUMS:
  Alamofire: 16ce2c353fb72865124ddae8a57c5942388f4f11
  ReactorKit: 8be57f0527ad1ac2963cd5c338274a46a01e57a3
  RxAtomic: f8d6adc1ccb87a767811269e4875887bc74dbf19
  RxCocoa: 2f35a76bf8887872e28a1914112395b11b8e0e64
  RxFlow: f0212025e3747431b3be09c6be04bfde0a3bf5a4
  RxSwift: 92fcf68dfef21f3e2ab1965363d9e7b3d787597e
  SnapKit: fe8a619752f3f27075cc9a90244d75c6c3f27e2a
  Swinject: 82cdb851f63f91bba974e3eca1d69780f2f7677e
  SwinjectAutoregistration: f72bf894cbd2ee4a9153e00fa5208e93fb44d283
  Then: acfe0be7e98221c6204e12f8161459606d5d822d

PODFILE CHECKSUM: b32ee606dea1f8fa37a49f2a320240ad3adcba3b

COCOAPODS: 1.9.3
