PODS:
  - Alamofire (4.8.1)
  - ReactorKit (1.2.1):
    - RxSwift (>= 4.0.0)
  - RxAtomic (4.4.1)
  - RxCocoa (4.4.1):
    - RxSwift (~> 4.0)
  - RxFlow (2.0.0):
    - RxCocoa (>= 4.4.0)
    - RxSwift (>= 4.4.0)
  - RxSwift (4.4.1):
    - RxAtomic (~> 4.4)
  - RxTest (4.4.1):
    - RxAtomic (~> 4.4)
    - RxSwift (~> 4.0)
  - SnapKit (4.2.0)
  - Swinject (2.5.0)
  - SwinjectAutoregistration (2.5.1):
    - Swinject (~> 2.5)

DEPENDENCIES:
  - Alamofire
  - ReactorKit
  - RxCocoa
  - RxFlow
  - RxSwift
  - RxTest
  - SnapKit
  - Swinject
  - SwinjectAutoregistration

SPEC REPOS:
  https://github.com/CocoaPods/Specs.git:
    - Alamofire
    - ReactorKit
    - RxAtomic
    - RxCocoa
    - RxFlow
    - RxSwift
    - SnapKit
    - Swinject
    - SwinjectAutoregistration
  trunk:
    - RxTest

SPEC CHECKSUMS:
  Alamofire: 16ce2c353fb72865124ddae8a57c5942388f4f11
  ReactorKit: 8be57f0527ad1ac2963cd5c338274a46a01e57a3
  RxAtomic: f8d6adc1ccb87a767811269e4875887bc74dbf19
  RxCocoa: 2f35a76bf8887872e28a1914112395b11b8e0e64
  RxFlow: f0212025e3747431b3be09c6be04bfde0a3bf5a4
  RxSwift: 92fcf68dfef21f3e2ab1965363d9e7b3d787597e
  RxTest: f8e548755ca3c7502dc41c7d3b28802c90115a38
  SnapKit: fe8a619752f3f27075cc9a90244d75c6c3f27e2a
  Swinject: 82cdb851f63f91bba974e3eca1d69780f2f7677e
  SwinjectAutoregistration: f72bf894cbd2ee4a9153e00fa5208e93fb44d283

PODFILE CHECKSUM: 1a76e72b9f70c5df0704323db5e5e4cf7beefb35

COCOAPODS: 1.8.1
