// !$*UTF8*$!
{
	archiveVersion = 1;
	classes = {
	};
	objectVersion = 51;
	objects = {

/* Begin PBXBuildFile section */
		317D068B233C4635008398A1 /* GItHubSearchDetailViewController.swift in Sources */ = {isa = PBXBuildFile; fileRef = 317D068A233C4635008398A1 /* GItHubSearchDetailViewController.swift */; };
		317D068D233C46C3008398A1 /* GitHubSearchDetailViewReactor.swift in Sources */ = {isa = PBXBuildFile; fileRef = 317D068C233C46C3008398A1 /* GitHubSearchDetailViewReactor.swift */; };
		317D0690233C48FB008398A1 /* GitHubSearchStep.swift in Sources */ = {isa = PBXBuildFile; fileRef = 317D068F233C48FB008398A1 /* GitHubSearchStep.swift */; };
		317D0692233C49E3008398A1 /* GitHubSearchFlow.swift in Sources */ = {isa = PBXBuildFile; fileRef = 317D0691233C49E3008398A1 /* GitHubSearchFlow.swift */; };
		6468C05A22FFD90800577E66 /* AppDelegate.swift in Sources */ = {isa = PBXBuildFile; fileRef = 6468C05922FFD90800577E66 /* AppDelegate.swift */; };
		6468C05E22FFD90800577E66 /* SecondViewController.swift in Sources */ = {isa = PBXBuildFile; fileRef = 6468C05D22FFD90800577E66 /* SecondViewController.swift */; };
		6468C06322FFD90A00577E66 /* Assets.xcassets in Resources */ = {isa = PBXBuildFile; fileRef = 6468C06222FFD90A00577E66 /* Assets.xcassets */; };
		6468C06622FFD90A00577E66 /* LaunchScreen.storyboard in Resources */ = {isa = PBXBuildFile; fileRef = 6468C06422FFD90A00577E66 /* LaunchScreen.storyboard */; };
		6483B364233ACEF20021E981 /* README.md in Resources */ = {isa = PBXBuildFile; fileRef = 6483B363233ACEF20021E981 /* README.md */; };
		6483B36A233B965E0021E981 /* GitHubSearchCellReactor.swift in Sources */ = {isa = PBXBuildFile; fileRef = 6483B369233B965E0021E981 /* GitHubSearchCellReactor.swift */; };
		6483B36C233B97560021E981 /* GitHubSearchCell.swift in Sources */ = {isa = PBXBuildFile; fileRef = 6483B36B233B97560021E981 /* GitHubSearchCell.swift */; };
		6483B36E233BA0F40021E981 /* BaseViewController.swift in Sources */ = {isa = PBXBuildFile; fileRef = 6483B36D233BA0F40021E981 /* BaseViewController.swift */; };
		6483B370233BA11E0021E981 /* ToastLabel.swift in Sources */ = {isa = PBXBuildFile; fileRef = 6483B36F233BA11E0021E981 /* ToastLabel.swift */; };
		6483B372233BA12A0021E981 /* ToastLabelReactor.swift in Sources */ = {isa = PBXBuildFile; fileRef = 6483B371233BA12A0021E981 /* ToastLabelReactor.swift */; };
		64CDD8622326967D00D1D526 /* Main.storyboard in Resources */ = {isa = PBXBuildFile; fileRef = 64CDD8612326967D00D1D526 /* Main.storyboard */; };
		64CDD864232696E000D1D526 /* GitHubSearchViewController.swift in Sources */ = {isa = PBXBuildFile; fileRef = 64CDD863232696E000D1D526 /* GitHubSearchViewController.swift */; };
		64CDD8662326978700D1D526 /* GitHubSearchViewReactor.swift in Sources */ = {isa = PBXBuildFile; fileRef = 64CDD8652326978700D1D526 /* GitHubSearchViewReactor.swift */; };
		64E4FFDC2335CDF600F0DEC8 /* WebApi.swift in Sources */ = {isa = PBXBuildFile; fileRef = 64E4FFDB2335CDF600F0DEC8 /* WebApi.swift */; };
		64E4FFDF2335CEB700F0DEC8 /* RequestManager.swift in Sources */ = {isa = PBXBuildFile; fileRef = 64E4FFDE2335CEB700F0DEC8 /* RequestManager.swift */; };
		64E4FFE22335D59300F0DEC8 /* GitHubSearchItem.swift in Sources */ = {isa = PBXBuildFile; fileRef = 64E4FFE12335D59300F0DEC8 /* GitHubSearchItem.swift */; };
		64E4FFE42335DF6200F0DEC8 /* GitHubSearch.swift in Sources */ = {isa = PBXBuildFile; fileRef = 64E4FFE32335DF6200F0DEC8 /* GitHubSearch.swift */; };
		64E4FFE62335E13C00F0DEC8 /* GitHubSearchUseCase.swift in Sources */ = {isa = PBXBuildFile; fileRef = 64E4FFE52335E13C00F0DEC8 /* GitHubSearchUseCase.swift */; };
		ADE0119FD264558D9E657930 /* Pods_CleanArchitectureExample.framework in Frameworks */ = {isa = PBXBuildFile; fileRef = 2834CC601B19FF71B9B793D0 /* Pods_CleanArchitectureExample.framework */; };
/* End PBXBuildFile section */

/* Begin PBXFileReference section */
		2834CC601B19FF71B9B793D0 /* Pods_CleanArchitectureExample.framework */ = {isa = PBXFileReference; explicitFileType = wrapper.framework; includeInIndex = 0; path = Pods_CleanArchitectureExample.framework; sourceTree = BUILT_PRODUCTS_DIR; };
		317D068A233C4635008398A1 /* GItHubSearchDetailViewController.swift */ = {isa = PBXFileReference; lastKnownFileType = sourcecode.swift; path = GItHubSearchDetailViewController.swift; sourceTree = "<group>"; };
		317D068C233C46C3008398A1 /* GitHubSearchDetailViewReactor.swift */ = {isa = PBXFileReference; lastKnownFileType = sourcecode.swift; path = GitHubSearchDetailViewReactor.swift; sourceTree = "<group>"; };
		317D068F233C48FB008398A1 /* GitHubSearchStep.swift */ = {isa = PBXFileReference; lastKnownFileType = sourcecode.swift; path = GitHubSearchStep.swift; sourceTree = "<group>"; };
		317D0691233C49E3008398A1 /* GitHubSearchFlow.swift */ = {isa = PBXFileReference; lastKnownFileType = sourcecode.swift; path = GitHubSearchFlow.swift; sourceTree = "<group>"; };
		6468C05622FFD90800577E66 /* CleanArchitectureExample.app */ = {isa = PBXFileReference; explicitFileType = wrapper.application; includeInIndex = 0; path = CleanArchitectureExample.app; sourceTree = BUILT_PRODUCTS_DIR; };
		6468C05922FFD90800577E66 /* AppDelegate.swift */ = {isa = PBXFileReference; lastKnownFileType = sourcecode.swift; path = AppDelegate.swift; sourceTree = "<group>"; };
		6468C05D22FFD90800577E66 /* SecondViewController.swift */ = {isa = PBXFileReference; lastKnownFileType = sourcecode.swift; path = SecondViewController.swift; sourceTree = "<group>"; };
		6468C06222FFD90A00577E66 /* Assets.xcassets */ = {isa = PBXFileReference; lastKnownFileType = folder.assetcatalog; path = Assets.xcassets; sourceTree = "<group>"; };
		6468C06522FFD90A00577E66 /* Base */ = {isa = PBXFileReference; lastKnownFileType = file.storyboard; name = Base; path = Base.lproj/LaunchScreen.storyboard; sourceTree = "<group>"; };
		6468C06722FFD90A00577E66 /* Info.plist */ = {isa = PBXFileReference; lastKnownFileType = text.plist.xml; path = Info.plist; sourceTree = "<group>"; };
		6483B363233ACEF20021E981 /* README.md */ = {isa = PBXFileReference; fileEncoding = 4; lastKnownFileType = net.daringfireball.markdown; path = README.md; sourceTree = "<group>"; };
		6483B369233B965E0021E981 /* GitHubSearchCellReactor.swift */ = {isa = PBXFileReference; lastKnownFileType = sourcecode.swift; path = GitHubSearchCellReactor.swift; sourceTree = "<group>"; };
		6483B36B233B97560021E981 /* GitHubSearchCell.swift */ = {isa = PBXFileReference; lastKnownFileType = sourcecode.swift; path = GitHubSearchCell.swift; sourceTree = "<group>"; };
		6483B36D233BA0F40021E981 /* BaseViewController.swift */ = {isa = PBXFileReference; lastKnownFileType = sourcecode.swift; path = BaseViewController.swift; sourceTree = "<group>"; };
		6483B36F233BA11E0021E981 /* ToastLabel.swift */ = {isa = PBXFileReference; lastKnownFileType = sourcecode.swift; path = ToastLabel.swift; sourceTree = "<group>"; };
		6483B371233BA12A0021E981 /* ToastLabelReactor.swift */ = {isa = PBXFileReference; lastKnownFileType = sourcecode.swift; path = ToastLabelReactor.swift; sourceTree = "<group>"; };
		64CDD8612326967D00D1D526 /* Main.storyboard */ = {isa = PBXFileReference; lastKnownFileType = file.storyboard; path = Main.storyboard; sourceTree = "<group>"; };
		64CDD863232696E000D1D526 /* GitHubSearchViewController.swift */ = {isa = PBXFileReference; lastKnownFileType = sourcecode.swift; path = GitHubSearchViewController.swift; sourceTree = "<group>"; };
		64CDD8652326978700D1D526 /* GitHubSearchViewReactor.swift */ = {isa = PBXFileReference; lastKnownFileType = sourcecode.swift; path = GitHubSearchViewReactor.swift; sourceTree = "<group>"; };
		64E4FFDB2335CDF600F0DEC8 /* WebApi.swift */ = {isa = PBXFileReference; lastKnownFileType = sourcecode.swift; path = WebApi.swift; sourceTree = "<group>"; };
		64E4FFDE2335CEB700F0DEC8 /* RequestManager.swift */ = {isa = PBXFileReference; lastKnownFileType = sourcecode.swift; path = RequestManager.swift; sourceTree = "<group>"; };
		64E4FFE12335D59300F0DEC8 /* GitHubSearchItem.swift */ = {isa = PBXFileReference; lastKnownFileType = sourcecode.swift; path = GitHubSearchItem.swift; sourceTree = "<group>"; };
		64E4FFE32335DF6200F0DEC8 /* GitHubSearch.swift */ = {isa = PBXFileReference; lastKnownFileType = sourcecode.swift; path = GitHubSearch.swift; sourceTree = "<group>"; };
		64E4FFE52335E13C00F0DEC8 /* GitHubSearchUseCase.swift */ = {isa = PBXFileReference; lastKnownFileType = sourcecode.swift; path = GitHubSearchUseCase.swift; sourceTree = "<group>"; };
		826A540764CFA003DD216831 /* Pods-CleanArchitectureExample.debug.xcconfig */ = {isa = PBXFileReference; includeInIndex = 1; lastKnownFileType = text.xcconfig; name = "Pods-CleanArchitectureExample.debug.xcconfig"; path = "Pods/Target Support Files/Pods-CleanArchitectureExample/Pods-CleanArchitectureExample.debug.xcconfig"; sourceTree = "<group>"; };
		F62E6C37CF3A30F692780894 /* Pods-CleanArchitectureExample.release.xcconfig */ = {isa = PBXFileReference; includeInIndex = 1; lastKnownFileType = text.xcconfig; name = "Pods-CleanArchitectureExample.release.xcconfig"; path = "Pods/Target Support Files/Pods-CleanArchitectureExample/Pods-CleanArchitectureExample.release.xcconfig"; sourceTree = "<group>"; };
/* End PBXFileReference section */

/* Begin PBXFrameworksBuildPhase section */
		6468C05322FFD90800577E66 /* Frameworks */ = {
			isa = PBXFrameworksBuildPhase;
			buildActionMask = 2147483647;
			files = (
				ADE0119FD264558D9E657930 /* Pods_CleanArchitectureExample.framework in Frameworks */,
			);
			runOnlyForDeploymentPostprocessing = 0;
		};
/* End PBXFrameworksBuildPhase section */

/* Begin PBXGroup section */
		317D068E233C48D1008398A1 /* Flows */ = {
			isa = PBXGroup;
			children = (
				317D068F233C48FB008398A1 /* GitHubSearchStep.swift */,
				317D0691233C49E3008398A1 /* GitHubSearchFlow.swift */,
			);
			path = Flows;
			sourceTree = "<group>";
		};
		6468C04D22FFD90800577E66 = {
			isa = PBXGroup;
			children = (
				6483B363233ACEF20021E981 /* README.md */,
				6468C05822FFD90800577E66 /* CleanArchitectureExample */,
				6468C05722FFD90800577E66 /* Products */,
				B29E69DC0C4D8072639D9135 /* Pods */,
				755E7551E454A6BAF23FE58F /* Frameworks */,
			);
			sourceTree = "<group>";
		};
		6468C05722FFD90800577E66 /* Products */ = {
			isa = PBXGroup;
			children = (
				6468C05622FFD90800577E66 /* CleanArchitectureExample.app */,
			);
			name = Products;
			sourceTree = "<group>";
		};
		6468C05822FFD90800577E66 /* CleanArchitectureExample */ = {
			isa = PBXGroup;
			children = (
				317D068E233C48D1008398A1 /* Flows */,
				6483B368233B96480021E981 /* Views */,
				6483B367233B96300021E981 /* ViewControllers */,
				64E4FFE72335E1E800F0DEC8 /* UseCases */,
				64E4FFE02335D56700F0DEC8 /* Models */,
				64E4FFDD2335CEAB00F0DEC8 /* Utils */,
				64E4FFDA2335CDE200F0DEC8 /* Services */,
				6468C05922FFD90800577E66 /* AppDelegate.swift */,
				6468C05D22FFD90800577E66 /* SecondViewController.swift */,
				6468C06222FFD90A00577E66 /* Assets.xcassets */,
				6468C06422FFD90A00577E66 /* LaunchScreen.storyboard */,
				6468C06722FFD90A00577E66 /* Info.plist */,
				64CDD8612326967D00D1D526 /* Main.storyboard */,
			);
			path = CleanArchitectureExample;
			sourceTree = "<group>";
		};
		6483B367233B96300021E981 /* ViewControllers */ = {
			isa = PBXGroup;
			children = (
				64CDD863232696E000D1D526 /* GitHubSearchViewController.swift */,
				64CDD8652326978700D1D526 /* GitHubSearchViewReactor.swift */,
				6483B36D233BA0F40021E981 /* BaseViewController.swift */,
				317D068A233C4635008398A1 /* GItHubSearchDetailViewController.swift */,
				317D068C233C46C3008398A1 /* GitHubSearchDetailViewReactor.swift */,
			);
			path = ViewControllers;
			sourceTree = "<group>";
		};
		6483B368233B96480021E981 /* Views */ = {
			isa = PBXGroup;
			children = (
				6483B369233B965E0021E981 /* GitHubSearchCellReactor.swift */,
				6483B36B233B97560021E981 /* GitHubSearchCell.swift */,
				6483B36F233BA11E0021E981 /* ToastLabel.swift */,
				6483B371233BA12A0021E981 /* ToastLabelReactor.swift */,
			);
			path = Views;
			sourceTree = "<group>";
		};
		64E4FFDA2335CDE200F0DEC8 /* Services */ = {
			isa = PBXGroup;
			children = (
				64E4FFDB2335CDF600F0DEC8 /* WebApi.swift */,
			);
			path = Services;
			sourceTree = "<group>";
		};
		64E4FFDD2335CEAB00F0DEC8 /* Utils */ = {
			isa = PBXGroup;
			children = (
				64E4FFDE2335CEB700F0DEC8 /* RequestManager.swift */,
			);
			path = Utils;
			sourceTree = "<group>";
		};
		64E4FFE02335D56700F0DEC8 /* Models */ = {
			isa = PBXGroup;
			children = (
				64E4FFE12335D59300F0DEC8 /* GitHubSearchItem.swift */,
				64E4FFE32335DF6200F0DEC8 /* GitHubSearch.swift */,
			);
			path = Models;
			sourceTree = "<group>";
		};
		64E4FFE72335E1E800F0DEC8 /* UseCases */ = {
			isa = PBXGroup;
			children = (
				64E4FFE52335E13C00F0DEC8 /* GitHubSearchUseCase.swift */,
			);
			path = UseCases;
			sourceTree = "<group>";
		};
		755E7551E454A6BAF23FE58F /* Frameworks */ = {
			isa = PBXGroup;
			children = (
				2834CC601B19FF71B9B793D0 /* Pods_CleanArchitectureExample.framework */,
			);
			name = Frameworks;
			sourceTree = "<group>";
		};
		B29E69DC0C4D8072639D9135 /* Pods */ = {
			isa = PBXGroup;
			children = (
				826A540764CFA003DD216831 /* Pods-CleanArchitectureExample.debug.xcconfig */,
				F62E6C37CF3A30F692780894 /* Pods-CleanArchitectureExample.release.xcconfig */,
			);
			name = Pods;
			sourceTree = "<group>";
		};
/* End PBXGroup section */

/* Begin PBXNativeTarget section */
		6468C05522FFD90800577E66 /* CleanArchitectureExample */ = {
			isa = PBXNativeTarget;
			buildConfigurationList = 6468C06A22FFD90A00577E66 /* Build configuration list for PBXNativeTarget "CleanArchitectureExample" */;
			buildPhases = (
				E320AFFB12165515EC89C110 /* [CP] Check Pods Manifest.lock */,
				6468C05222FFD90800577E66 /* Sources */,
				6468C05322FFD90800577E66 /* Frameworks */,
				6468C05422FFD90800577E66 /* Resources */,
				11A12146B59739CD01031E4C /* [CP] Embed Pods Frameworks */,
			);
			buildRules = (
			);
			dependencies = (
			);
			name = CleanArchitectureExample;
			productName = CleanArchitectureExample;
			productReference = 6468C05622FFD90800577E66 /* CleanArchitectureExample.app */;
			productType = "com.apple.product-type.application";
		};
/* End PBXNativeTarget section */

/* Begin PBXProject section */
		6468C04E22FFD90800577E66 /* Project object */ = {
			isa = PBXProject;
			attributes = {
				LastSwiftUpdateCheck = 1020;
				LastUpgradeCheck = 1020;
				ORGANIZATIONNAME = "이동현";
				TargetAttributes = {
					6468C05522FFD90800577E66 = {
						CreatedOnToolsVersion = 10.2.1;
					};
				};
			};
			buildConfigurationList = 6468C05122FFD90800577E66 /* Build configuration list for PBXProject "CleanArchitectureExample" */;
			compatibilityVersion = "Xcode 9.3";
			developmentRegion = en;
			hasScannedForEncodings = 0;
			knownRegions = (
				en,
				Base,
			);
			mainGroup = 6468C04D22FFD90800577E66;
			productRefGroup = 6468C05722FFD90800577E66 /* Products */;
			projectDirPath = "";
			projectRoot = "";
			targets = (
				6468C05522FFD90800577E66 /* CleanArchitectureExample */,
			);
		};
/* End PBXProject section */

/* Begin PBXResourcesBuildPhase section */
		6468C05422FFD90800577E66 /* Resources */ = {
			isa = PBXResourcesBuildPhase;
			buildActionMask = 2147483647;
			files = (
				64CDD8622326967D00D1D526 /* Main.storyboard in Resources */,
				6468C06622FFD90A00577E66 /* LaunchScreen.storyboard in Resources */,
				6483B364233ACEF20021E981 /* README.md in Resources */,
				6468C06322FFD90A00577E66 /* Assets.xcassets in Resources */,
			);
			runOnlyForDeploymentPostprocessing = 0;
		};
/* End PBXResourcesBuildPhase section */

/* Begin PBXShellScriptBuildPhase section */
		11A12146B59739CD01031E4C /* [CP] Embed Pods Frameworks */ = {
			isa = PBXShellScriptBuildPhase;
			buildActionMask = 2147483647;
			files = (
			);
			inputFileListPaths = (
				"${PODS_ROOT}/Target Support Files/Pods-CleanArchitectureExample/Pods-CleanArchitectureExample-frameworks-${CONFIGURATION}-input-files.xcfilelist",
			);
			name = "[CP] Embed Pods Frameworks";
			outputFileListPaths = (
				"${PODS_ROOT}/Target Support Files/Pods-CleanArchitectureExample/Pods-CleanArchitectureExample-frameworks-${CONFIGURATION}-output-files.xcfilelist",
			);
			runOnlyForDeploymentPostprocessing = 0;
			shellPath = /bin/sh;
			shellScript = "\"${PODS_ROOT}/Target Support Files/Pods-CleanArchitectureExample/Pods-CleanArchitectureExample-frameworks.sh\"\n";
			showEnvVarsInLog = 0;
		};
		E320AFFB12165515EC89C110 /* [CP] Check Pods Manifest.lock */ = {
			isa = PBXShellScriptBuildPhase;
			buildActionMask = 2147483647;
			files = (
			);
			inputFileListPaths = (
			);
			inputPaths = (
				"${PODS_PODFILE_DIR_PATH}/Podfile.lock",
				"${PODS_ROOT}/Manifest.lock",
			);
			name = "[CP] Check Pods Manifest.lock";
			outputFileListPaths = (
			);
			outputPaths = (
				"$(DERIVED_FILE_DIR)/Pods-CleanArchitectureExample-checkManifestLockResult.txt",
			);
			runOnlyForDeploymentPostprocessing = 0;
			shellPath = /bin/sh;
			shellScript = "diff \"${PODS_PODFILE_DIR_PATH}/Podfile.lock\" \"${PODS_ROOT}/Manifest.lock\" > /dev/null\nif [ $? != 0 ] ; then\n    # print error to STDERR\n    echo \"error: The sandbox is not in sync with the Podfile.lock. Run 'pod install' or update your CocoaPods installation.\" >&2\n    exit 1\nfi\n# This output is used by Xcode 'outputs' to avoid re-running this script phase.\necho \"SUCCESS\" > \"${SCRIPT_OUTPUT_FILE_0}\"\n";
			showEnvVarsInLog = 0;
		};
/* End PBXShellScriptBuildPhase section */

/* Begin PBXSourcesBuildPhase section */
		6468C05222FFD90800577E66 /* Sources */ = {
			isa = PBXSourcesBuildPhase;
			buildActionMask = 2147483647;
			files = (
				6483B36C233B97560021E981 /* GitHubSearchCell.swift in Sources */,
				6468C05E22FFD90800577E66 /* SecondViewController.swift in Sources */,
				317D0692233C49E3008398A1 /* GitHubSearchFlow.swift in Sources */,
				6468C05A22FFD90800577E66 /* AppDelegate.swift in Sources */,
				6483B370233BA11E0021E981 /* ToastLabel.swift in Sources */,
				64E4FFE62335E13C00F0DEC8 /* GitHubSearchUseCase.swift in Sources */,
				317D0690233C48FB008398A1 /* GitHubSearchStep.swift in Sources */,
				6483B36E233BA0F40021E981 /* BaseViewController.swift in Sources */,
				6483B372233BA12A0021E981 /* ToastLabelReactor.swift in Sources */,
				317D068D233C46C3008398A1 /* GitHubSearchDetailViewReactor.swift in Sources */,
				64E4FFE42335DF6200F0DEC8 /* GitHubSearch.swift in Sources */,
				6483B36A233B965E0021E981 /* GitHubSearchCellReactor.swift in Sources */,
				64CDD864232696E000D1D526 /* GitHubSearchViewController.swift in Sources */,
				64CDD8662326978700D1D526 /* GitHubSearchViewReactor.swift in Sources */,
				317D068B233C4635008398A1 /* GItHubSearchDetailViewController.swift in Sources */,
				64E4FFDF2335CEB700F0DEC8 /* RequestManager.swift in Sources */,
				64E4FFE22335D59300F0DEC8 /* GitHubSearchItem.swift in Sources */,
				64E4FFDC2335CDF600F0DEC8 /* WebApi.swift in Sources */,
			);
			runOnlyForDeploymentPostprocessing = 0;
		};
/* End PBXSourcesBuildPhase section */

/* Begin PBXVariantGroup section */
		6468C06422FFD90A00577E66 /* LaunchScreen.storyboard */ = {
			isa = PBXVariantGroup;
			children = (
				6468C06522FFD90A00577E66 /* Base */,
			);
			name = LaunchScreen.storyboard;
			sourceTree = "<group>";
		};
/* End PBXVariantGroup section */

/* Begin XCBuildConfiguration section */
		6468C06822FFD90A00577E66 /* Debug */ = {
			isa = XCBuildConfiguration;
			buildSettings = {
				ALWAYS_SEARCH_USER_PATHS = NO;
				CLANG_ANALYZER_NONNULL = YES;
				CLANG_ANALYZER_NUMBER_OBJECT_CONVERSION = YES_AGGRESSIVE;
				CLANG_CXX_LANGUAGE_STANDARD = "gnu++14";
				CLANG_CXX_LIBRARY = "libc++";
				CLANG_ENABLE_MODULES = YES;
				CLANG_ENABLE_OBJC_ARC = YES;
				CLANG_ENABLE_OBJC_WEAK = YES;
				CLANG_WARN_BLOCK_CAPTURE_AUTORELEASING = YES;
				CLANG_WARN_BOOL_CONVERSION = YES;
				CLANG_WARN_COMMA = YES;
				CLANG_WARN_CONSTANT_CONVERSION = YES;
				CLANG_WARN_DEPRECATED_OBJC_IMPLEMENTATIONS = YES;
				CLANG_WARN_DIRECT_OBJC_ISA_USAGE = YES_ERROR;
				CLANG_WARN_DOCUMENTATION_COMMENTS = YES;
				CLANG_WARN_EMPTY_BODY = YES;
				CLANG_WARN_ENUM_CONVERSION = YES;
				CLANG_WARN_INFINITE_RECURSION = YES;
				CLANG_WARN_INT_CONVERSION = YES;
				CLANG_WARN_NON_LITERAL_NULL_CONVERSION = YES;
				CLANG_WARN_OBJC_IMPLICIT_RETAIN_SELF = YES;
				CLANG_WARN_OBJC_LITERAL_CONVERSION = YES;
				CLANG_WARN_OBJC_ROOT_CLASS = YES_ERROR;
				CLANG_WARN_RANGE_LOOP_ANALYSIS = YES;
				CLANG_WARN_STRICT_PROTOTYPES = YES;
				CLANG_WARN_SUSPICIOUS_MOVE = YES;
				CLANG_WARN_UNGUARDED_AVAILABILITY = YES_AGGRESSIVE;
				CLANG_WARN_UNREACHABLE_CODE = YES;
				CLANG_WARN__DUPLICATE_METHOD_MATCH = YES;
				CODE_SIGN_IDENTITY = "iPhone Developer";
				COPY_PHASE_STRIP = NO;
				DEBUG_INFORMATION_FORMAT = dwarf;
				ENABLE_STRICT_OBJC_MSGSEND = YES;
				ENABLE_TESTABILITY = YES;
				GCC_C_LANGUAGE_STANDARD = gnu11;
				GCC_DYNAMIC_NO_PIC = NO;
				GCC_NO_COMMON_BLOCKS = YES;
				GCC_OPTIMIZATION_LEVEL = 0;
				GCC_PREPROCESSOR_DEFINITIONS = (
					"DEBUG=1",
					"$(inherited)",
				);
				GCC_WARN_64_TO_32_BIT_CONVERSION = YES;
				GCC_WARN_ABOUT_RETURN_TYPE = YES_ERROR;
				GCC_WARN_UNDECLARED_SELECTOR = YES;
				GCC_WARN_UNINITIALIZED_AUTOS = YES_AGGRESSIVE;
				GCC_WARN_UNUSED_FUNCTION = YES;
				GCC_WARN_UNUSED_VARIABLE = YES;
				IPHONEOS_DEPLOYMENT_TARGET = 12.2;
				MTL_ENABLE_DEBUG_INFO = INCLUDE_SOURCE;
				MTL_FAST_MATH = YES;
				ONLY_ACTIVE_ARCH = YES;
				SDKROOT = iphoneos;
				SWIFT_ACTIVE_COMPILATION_CONDITIONS = DEBUG;
				SWIFT_OPTIMIZATION_LEVEL = "-Onone";
			};
			name = Debug;
		};
		6468C06922FFD90A00577E66 /* Release */ = {
			isa = XCBuildConfiguration;
			buildSettings = {
				ALWAYS_SEARCH_USER_PATHS = NO;
				CLANG_ANALYZER_NONNULL = YES;
				CLANG_ANALYZER_NUMBER_OBJECT_CONVERSION = YES_AGGRESSIVE;
				CLANG_CXX_LANGUAGE_STANDARD = "gnu++14";
				CLANG_CXX_LIBRARY = "libc++";
				CLANG_ENABLE_MODULES = YES;
				CLANG_ENABLE_OBJC_ARC = YES;
				CLANG_ENABLE_OBJC_WEAK = YES;
				CLANG_WARN_BLOCK_CAPTURE_AUTORELEASING = YES;
				CLANG_WARN_BOOL_CONVERSION = YES;
				CLANG_WARN_COMMA = YES;
				CLANG_WARN_CONSTANT_CONVERSION = YES;
				CLANG_WARN_DEPRECATED_OBJC_IMPLEMENTATIONS = YES;
				CLANG_WARN_DIRECT_OBJC_ISA_USAGE = YES_ERROR;
				CLANG_WARN_DOCUMENTATION_COMMENTS = YES;
				CLANG_WARN_EMPTY_BODY = YES;
				CLANG_WARN_ENUM_CONVERSION = YES;
				CLANG_WARN_INFINITE_RECURSION = YES;
				CLANG_WARN_INT_CONVERSION = YES;
				CLANG_WARN_NON_LITERAL_NULL_CONVERSION = YES;
				CLANG_WARN_OBJC_IMPLICIT_RETAIN_SELF = YES;
				CLANG_WARN_OBJC_LITERAL_CONVERSION = YES;
				CLANG_WARN_OBJC_ROOT_CLASS = YES_ERROR;
				CLANG_WARN_RANGE_LOOP_ANALYSIS = YES;
				CLANG_WARN_STRICT_PROTOTYPES = YES;
				CLANG_WARN_SUSPICIOUS_MOVE = YES;
				CLANG_WARN_UNGUARDED_AVAILABILITY = YES_AGGRESSIVE;
				CLANG_WARN_UNREACHABLE_CODE = YES;
				CLANG_WARN__DUPLICATE_METHOD_MATCH = YES;
				CODE_SIGN_IDENTITY = "iPhone Developer";
				COPY_PHASE_STRIP = NO;
				DEBUG_INFORMATION_FORMAT = "dwarf-with-dsym";
				ENABLE_NS_ASSERTIONS = NO;
				ENABLE_STRICT_OBJC_MSGSEND = YES;
				GCC_C_LANGUAGE_STANDARD = gnu11;
				GCC_NO_COMMON_BLOCKS = YES;
				GCC_WARN_64_TO_32_BIT_CONVERSION = YES;
				GCC_WARN_ABOUT_RETURN_TYPE = YES_ERROR;
				GCC_WARN_UNDECLARED_SELECTOR = YES;
				GCC_WARN_UNINITIALIZED_AUTOS = YES_AGGRESSIVE;
				GCC_WARN_UNUSED_FUNCTION = YES;
				GCC_WARN_UNUSED_VARIABLE = YES;
				IPHONEOS_DEPLOYMENT_TARGET = 12.2;
				MTL_ENABLE_DEBUG_INFO = NO;
				MTL_FAST_MATH = YES;
				SDKROOT = iphoneos;
				SWIFT_COMPILATION_MODE = wholemodule;
				SWIFT_OPTIMIZATION_LEVEL = "-O";
				VALIDATE_PRODUCT = YES;
			};
			name = Release;
		};
		6468C06B22FFD90A00577E66 /* Debug */ = {
			isa = XCBuildConfiguration;
			baseConfigurationReference = 826A540764CFA003DD216831 /* Pods-CleanArchitectureExample.debug.xcconfig */;
			buildSettings = {
				ASSETCATALOG_COMPILER_APPICON_NAME = AppIcon;
				CODE_SIGN_STYLE = Automatic;
				INFOPLIST_FILE = CleanArchitectureExample/Info.plist;
				LD_RUNPATH_SEARCH_PATHS = (
					"$(inherited)",
					"@executable_path/Frameworks",
				);
				PRODUCT_BUNDLE_IDENTIFIER = waffle.CleanArchitectureExample;
				PRODUCT_NAME = "$(TARGET_NAME)";
				SWIFT_VERSION = 5.0;
				TARGETED_DEVICE_FAMILY = "1,2";
			};
			name = Debug;
		};
		6468C06C22FFD90A00577E66 /* Release */ = {
			isa = XCBuildConfiguration;
			baseConfigurationReference = F62E6C37CF3A30F692780894 /* Pods-CleanArchitectureExample.release.xcconfig */;
			buildSettings = {
				ASSETCATALOG_COMPILER_APPICON_NAME = AppIcon;
				CODE_SIGN_STYLE = Automatic;
				INFOPLIST_FILE = CleanArchitectureExample/Info.plist;
				LD_RUNPATH_SEARCH_PATHS = (
					"$(inherited)",
					"@executable_path/Frameworks",
				);
				PRODUCT_BUNDLE_IDENTIFIER = waffle.CleanArchitectureExample;
				PRODUCT_NAME = "$(TARGET_NAME)";
				SWIFT_VERSION = 5.0;
				TARGETED_DEVICE_FAMILY = "1,2";
			};
			name = Release;
		};
/* End XCBuildConfiguration section */

/* Begin XCConfigurationList section */
		6468C05122FFD90800577E66 /* Build configuration list for PBXProject "CleanArchitectureExample" */ = {
			isa = XCConfigurationList;
			buildConfigurations = (
				6468C06822FFD90A00577E66 /* Debug */,
				6468C06922FFD90A00577E66 /* Release */,
			);
			defaultConfigurationIsVisible = 0;
			defaultConfigurationName = Release;
		};
		6468C06A22FFD90A00577E66 /* Build configuration list for PBXNativeTarget "CleanArchitectureExample" */ = {
			isa = XCConfigurationList;
			buildConfigurations = (
				6468C06B22FFD90A00577E66 /* Debug */,
				6468C06C22FFD90A00577E66 /* Release */,
			);
			defaultConfigurationIsVisible = 0;
			defaultConfigurationName = Release;
		};
/* End XCConfigurationList section */
	};
	rootObject = 6468C04E22FFD90800577E66 /* Project object */;
}
